{
  "name": "fric-app",
  "version": "1.0.0",
  "lockfileVersion": 1,
  "requires": true,
  "dependencies": {
    "fractal-builder": {
      "version": "1.0.3",
      "resolved": "https://registry.npmjs.org/fractal-builder/-/fractal-builder-1.0.3.tgz",
      "integrity": "sha512-2jWLbmSmYC+JmZDqNsz0hdXWzHHdqafwsZ4ytc6a3l7CYHT0WKak85hJmOQBZDbSvnchGVUYiJCLHgrnXrU0RQ=="
    }
  }
}
