{
  "name": "fric-app",
  "version": "1.0.0",
  "lockfileVersion": 1,
  "requires": true,
  "dependencies": {
    "fractal-builder": {
      "version": "1.0.2",
      "resolved": "https://registry.npmjs.org/fractal-builder/-/fractal-builder-1.0.2.tgz",
      "integrity": "sha512-kBJhm2nXazjWi737cgsu/kz40nxEMBvgCdOsJl5sqJ/qjLYXgr0VMX1fMIqfBRtLFogMwdwyd9mpvi8nfsKiQA=="
    }
  }
}
