{
  "requires": true,
  "lockfileVersion": 1,
  "dependencies": {
    "dotenv": {
      "version": "8.2.0",
      "resolved": "https://registry.npmjs.org/dotenv/-/dotenv-8.2.0.tgz",
      "integrity": "sha512-8sJ78ElpbDJBHNeBzUbUVLsqKdccaa/BXF1uPTw3GrvQTBgrQrtObr2mUrE38vzYd8cEv+m/JBfDLioYcfXoaw=="
    },
    "fractal-builder": {
      "version": "1.0.0",
      "resolved": "https://registry.npmjs.org/fractal-builder/-/fractal-builder-1.0.0.tgz",
      "integrity": "sha512-tpSEEWJTIMLIJZ5AegDKyv1/FTmkeu2GycdXLE3yK+njiT1HingBz57xCU9ztHsbvuXhhLF5Ddz+b4Y+sS+bPQ=="
    }
  }
}
